
Microsoft Visual Studio Solution File, Format Version 12.00
# Visual Studio Version 17
VisualStudioVersion = 17.6.33829.357
MinimumVisualStudioVersion = 10.0.40219.1
Project("{FAE04EC0-301F-11D3-BF4B-00C04F79EFBC}") = "SupplierDatabase", "SupplierDatabase\SupplierDatabase.csproj", "{5BD53AA3-ADEB-495C-882A-871ABD433AFE}"
EndProject
Project("{2150E333-8FDC-42A3-9474-1A3956D46DE8}") = "Models", "Models", "{A508F8B0-94D1-4DE1-A4EA-917B6C3CB89B}"
	ProjectSection(SolutionItems) = preProject
		ApplicationDbContext.cs = ApplicationDbContext.cs
		supplier-management-frontend.js = supplier-management-frontend.js
		SupplierDatabase\Supplier.cs = SupplierDatabase\Supplier.cs
		Suppliers.html = Suppliers.html
	EndProjectSection
EndProject
Project("{2150E333-8FDC-42A3-9474-1A3956D46DE8}") = "Solution Items", "Solution Items", "{0F6B1A34-CD4A-45B8-A571-8B2C1C868012}"
	ProjectSection(SolutionItems) = preProject
		.editorconfig = .editorconfig
	EndProjectSection
EndProject
Global
	GlobalSection(SolutionConfigurationPlatforms) = preSolution
		Debug|Any CPU = Debug|Any CPU
		Release|Any CPU = Release|Any CPU
	EndGlobalSection
	GlobalSection(ProjectConfigurationPlatforms) = postSolution
		{5BD53AA3-ADEB-495C-882A-871ABD433AFE}.Debug|Any CPU.ActiveCfg = Debug|Any CPU
		{5BD53AA3-ADEB-495C-882A-871ABD433AFE}.Debug|Any CPU.Build.0 = Debug|Any CPU
		{5BD53AA3-ADEB-495C-882A-871ABD433AFE}.Release|Any CPU.ActiveCfg = Release|Any CPU
		{5BD53AA3-ADEB-495C-882A-871ABD433AFE}.Release|Any CPU.Build.0 = Release|Any CPU
	EndGlobalSection
	GlobalSection(SolutionProperties) = preSolution
		HideSolutionNode = FALSE
	EndGlobalSection
	GlobalSection(ExtensibilityGlobals) = postSolution
		SolutionGuid = {05ED023A-5BBE-44C5-B530-E173BDCF3853}
	EndGlobalSection
EndGlobal
